
Microsoft Visual Studio Solution File, Format Version 12.00
# Visual Studio Version 16
VisualStudioVersion = 16.0.31424.327
MinimumVisualStudioVersion = 10.0.40219.1
Project("{FAE04EC0-301F-11D3-BF4B-00C04F79EFBC}") = "TicTacToeConsoleApp", "TicTacToeConsoleApp\TicTacToeConsoleApp.csproj", "{40A188D6-2AA9-4663-BFE5-4A523C0847DB}"
EndProject
Global
	GlobalSection(SolutionConfigurationPlatforms) = preSolution
		Debug|Any CPU = Debug|Any CPU
		Release|Any CPU = Release|Any CPU
	EndGlobalSection
	GlobalSection(ProjectConfigurationPlatforms) = postSolution
		{40A188D6-2AA9-4663-BFE5-4A523C0847DB}.Debug|Any CPU.ActiveCfg = Debug|Any CPU
		{40A188D6-2AA9-4663-BFE5-4A523C0847DB}.Debug|Any CPU.Build.0 = Debug|Any CPU
		{40A188D6-2AA9-4663-BFE5-4A523C0847DB}.Release|Any CPU.ActiveCfg = Release|Any CPU
		{40A188D6-2AA9-4663-BFE5-4A523C0847DB}.Release|Any CPU.Build.0 = Release|Any CPU
	EndGlobalSection
	GlobalSection(SolutionProperties) = preSolution
		HideSolutionNode = FALSE
	EndGlobalSection
	GlobalSection(ExtensibilityGlobals) = postSolution
		SolutionGuid = {7D38225A-F2A9-4B93-A1F5-8ACD636BC32A}
	EndGlobalSection
EndGlobal
